
Microsoft Visual Studio Solution File, Format Version 12.00
# Visual Studio Version 17
VisualStudioVersion = 17.2.32317.152
MinimumVisualStudioVersion = 10.0.40219.1
Project("{2150E333-8FDC-42A3-9474-1A3956D46DE8}") = "src", "src", "{C82109C3-A4CF-4F73-8421-57D63144F441}"
EndProject
Project("{9A19103F-16F7-4668-BE54-9A1E7A4F7556}") = "TestOrleans2.Contracts", "src\TestOrleans2.Contracts\TestOrleans2.Contracts.csproj", "{78CC64F9-27D3-4A91-B47A-138231AB966C}"
EndProject
Project("{9A19103F-16F7-4668-BE54-9A1E7A4F7556}") = "TestOrleans2.WebApp", "src\TestOrleans2.WebApp\TestOrleans2.WebApp.csproj", "{6BDF87FD-184B-4802-9A61-6C7E492C7B73}"
EndProject
Project("{9A19103F-16F7-4668-BE54-9A1E7A4F7556}") = "TestOrleans2.Repository", "src\TestOrleans2.Repository\TestOrleans2.Repository.csproj", "{91AD4960-1659-4AD2-A7C8-B13F80EF1E06}"
EndProject
Project("{2150E333-8FDC-42A3-9474-1A3956D46DE8}") = "Solution Items", "Solution Items", "{54E35E3F-3D17-49E7-BF9D-72B16D506E3F}"
	ProjectSection(SolutionItems) = preProject
		build.bat = build.bat
		nuget.config = nuget.config
		ReplacementTestSecrets.json = ReplacementTestSecrets.json
	EndProjectSection
EndProject
Project("{9A19103F-16F7-4668-BE54-9A1E7A4F7556}") = "TestOrleans2.WebApp.Test", "src\TestOrleans2.WebApp.Test\TestOrleans2.WebApp.Test.csproj", "{608D4DD8-CEBF-45ED-BE13-BA3041B32DE0}"
EndProject
Project("{2150E333-8FDC-42A3-9474-1A3956D46DE8}") = "database", "database", "{E71EDD14-7580-4AD0-B80D-0BAA71E7287A}"
EndProject
Project("{9A19103F-16F7-4668-BE54-9A1E7A4F7556}") = "TestOrleans2.DatabaseDevTool", "src\TestOrleans2.DatabaseDevTool\TestOrleans2.DatabaseDevTool.csproj", "{AC581658-38CE-4556-94F2-BF19CAF7FD58}"
EndProject
Project("{9A19103F-16F7-4668-BE54-9A1E7A4F7556}") = "TestOrleans2.DatabaseDeploy", "src\TestOrleans2.DatabaseDeploy\TestOrleans2.DatabaseDeploy.csproj", "{7A44C50E-928A-4277-BC17-430E85487EA4}"
EndProject
Project("{00D1A9C2-B5F0-4AF3-8072-F6C62B433612}") = "TestOrleans2.Database", "src\TestOrleans2.Database\TestOrleans2.Database.sqlproj", "{FBDAE3CB-E5D6-4CDD-884F-3E3C32780136}"
EndProject
Project("{2150E333-8FDC-42A3-9474-1A3956D46DE8}") = "external", "external", "{3AB75250-1F79-41F6-BC21-23B4B79FC0B8}"
EndProject
Project("{9A19103F-16F7-4668-BE54-9A1E7A4F7556}") = "TestOrleans2.OData", "src\TestOrleans2.OData\TestOrleans2.OData.csproj", "{6AD5F8A2-3D07-4419-B596-0D50E418BA63}"
EndProject
Project("{9A19103F-16F7-4668-BE54-9A1E7A4F7556}") = "TestOrleans2.DatabaseTablesDeploy", "src\TestOrleans2.DatabaseTablesDeploy\TestOrleans2.DatabaseTablesDeploy.csproj", "{AA793798-1C19-46FD-A4FC-68EDC4BA3DEA}"
EndProject
Project("{9A19103F-16F7-4668-BE54-9A1E7A4F7556}") = "TestOrleans2.Client", "src\TestOrleans2.Client\TestOrleans2.Client.csproj", "{D8A94719-922F-402D-87FB-476CDFD5730C}"
EndProject
Project("{9A19103F-16F7-4668-BE54-9A1E7A4F7556}") = "TestOrleans2.Console", "src\TestOrleans2.Console\TestOrleans2.Console.csproj", "{82B1CDBF-CA55-4FBA-8DE0-FB1F5A1396F7}"
EndProject
Project("{9A19103F-16F7-4668-BE54-9A1E7A4F7556}") = "TestOrleans2.Repository.Test", "src\TestOrleans2.Repository.Test\TestOrleans2.Repository.Test.csproj", "{BD2AEDB7-CACB-459F-9D2A-903BEC96E51C}"
EndProject
Project("{9A19103F-16F7-4668-BE54-9A1E7A4F7556}") = "Brimborium.GenerateStoredProcedure", "external\Brimborium.Net\Brimborium.TypedSql\Brimborium.GenerateStoredProcedure\Brimborium.GenerateStoredProcedure.csproj", "{C5644B88-BF88-4BE2-AA9F-D4BFA1168FD9}"
EndProject
Project("{9A19103F-16F7-4668-BE54-9A1E7A4F7556}") = "Brimborium.SqlAccess", "external\Brimborium.Net\Brimborium.TypedSql\Brimborium.SqlAccess\Brimborium.SqlAccess.csproj", "{6212634D-1CAB-47C3-9AF3-6E18B4088387}"
EndProject
Project("{9A19103F-16F7-4668-BE54-9A1E7A4F7556}") = "Brimborium.TypedStoredProcedure", "external\Brimborium.Net\Brimborium.TypedSql\Brimborium.TypedStoredProcedure\Brimborium.TypedStoredProcedure.csproj", "{4D301368-5D30-4D57-88B3-18A2261A9678}"
EndProject
Project("{9A19103F-16F7-4668-BE54-9A1E7A4F7556}") = "Brimborium.Tracking", "external\Brimborium.Net\Brimborium.TypedSql\Brimborium.Tracking\Brimborium.Tracking.csproj", "{DEA1746A-2122-4E3D-A29F-0946F0E3F1EA}"
EndProject
Project("{9A19103F-16F7-4668-BE54-9A1E7A4F7556}") = "Brimborium.Extensions.Logging.LocalFile", "external\Brimborium.Net\Brimborium.Extensions.Logging.LocalFile\src\Brimborium.Extensions.Logging.LocalFile.csproj", "{2CB6F8CC-E58A-4DDE-AACA-1FCFE17EA358}"
EndProject
Project("{9A19103F-16F7-4668-BE54-9A1E7A4F7556}") = "Brimborium.RowVersion.Contracts", "external\Brimborium.Net\Brimborium.RowVersion\Brimborium.RowVersion.Contracts\Brimborium.RowVersion.Contracts.csproj", "{80971B70-04AA-4D49-9E29-39BFBCAA9159}"
EndProject
Project("{9A19103F-16F7-4668-BE54-9A1E7A4F7556}") = "Brimborium.RowVersion", "external\Brimborium.Net\Brimborium.RowVersion\Brimborium.RowVersion\Brimborium.RowVersion.csproj", "{8F3BBEF6-AE87-4AA9-82AB-36C8A4D3448F}"
EndProject
Project("{9A19103F-16F7-4668-BE54-9A1E7A4F7556}") = "Brimborium.RowVersion.Test", "external\Brimborium.Net\Brimborium.RowVersion\Brimborium.RowVersion.Test\Brimborium.RowVersion.Test.csproj", "{C4C1554E-2CA6-4CA1-94E8-7B6EF0638545}"
EndProject
Project("{9A19103F-16F7-4668-BE54-9A1E7A4F7556}") = "Brimborium.Tracking.Test", "external\Brimborium.Net\Brimborium.TypedSql\Brimborium.Tracking.Test\Brimborium.Tracking.Test.csproj", "{39393D0B-FFD8-4DAF-877D-A908EDAFAD0C}"
EndProject
Project("{9A19103F-16F7-4668-BE54-9A1E7A4F7556}") = "TestOrleans2.Powershell", "src\TestOrleans2.Powershell\TestOrleans2.Powershell.csproj", "{1BCFEA28-7752-4AA1-83FE-578F6F4CBFF8}"
EndProject
Global
	GlobalSection(SolutionConfigurationPlatforms) = preSolution
		Debug|Any CPU = Debug|Any CPU
		Release|Any CPU = Release|Any CPU
	EndGlobalSection
	GlobalSection(ProjectConfigurationPlatforms) = postSolution
		{78CC64F9-27D3-4A91-B47A-138231AB966C}.Debug|Any CPU.ActiveCfg = Debug|Any CPU
		{78CC64F9-27D3-4A91-B47A-138231AB966C}.Debug|Any CPU.Build.0 = Debug|Any CPU
		{78CC64F9-27D3-4A91-B47A-138231AB966C}.Release|Any CPU.ActiveCfg = Release|Any CPU
		{78CC64F9-27D3-4A91-B47A-138231AB966C}.Release|Any CPU.Build.0 = Release|Any CPU
		{6BDF87FD-184B-4802-9A61-6C7E492C7B73}.Debug|Any CPU.ActiveCfg = Debug|Any CPU
		{6BDF87FD-184B-4802-9A61-6C7E492C7B73}.Debug|Any CPU.Build.0 = Debug|Any CPU
		{6BDF87FD-184B-4802-9A61-6C7E492C7B73}.Release|Any CPU.ActiveCfg = Release|Any CPU
		{6BDF87FD-184B-4802-9A61-6C7E492C7B73}.Release|Any CPU.Build.0 = Release|Any CPU
		{91AD4960-1659-4AD2-A7C8-B13F80EF1E06}.Debug|Any CPU.ActiveCfg = Debug|Any CPU
		{91AD4960-1659-4AD2-A7C8-B13F80EF1E06}.Debug|Any CPU.Build.0 = Debug|Any CPU
		{91AD4960-1659-4AD2-A7C8-B13F80EF1E06}.Release|Any CPU.ActiveCfg = Release|Any CPU
		{91AD4960-1659-4AD2-A7C8-B13F80EF1E06}.Release|Any CPU.Build.0 = Release|Any CPU
		{608D4DD8-CEBF-45ED-BE13-BA3041B32DE0}.Debug|Any CPU.ActiveCfg = Debug|Any CPU
		{608D4DD8-CEBF-45ED-BE13-BA3041B32DE0}.Debug|Any CPU.Build.0 = Debug|Any CPU
		{608D4DD8-CEBF-45ED-BE13-BA3041B32DE0}.Release|Any CPU.ActiveCfg = Release|Any CPU
		{608D4DD8-CEBF-45ED-BE13-BA3041B32DE0}.Release|Any CPU.Build.0 = Release|Any CPU
		{AC581658-38CE-4556-94F2-BF19CAF7FD58}.Debug|Any CPU.ActiveCfg = Debug|Any CPU
		{AC581658-38CE-4556-94F2-BF19CAF7FD58}.Debug|Any CPU.Build.0 = Debug|Any CPU
		{AC581658-38CE-4556-94F2-BF19CAF7FD58}.Release|Any CPU.ActiveCfg = Release|Any CPU
		{AC581658-38CE-4556-94F2-BF19CAF7FD58}.Release|Any CPU.Build.0 = Release|Any CPU
		{7A44C50E-928A-4277-BC17-430E85487EA4}.Debug|Any CPU.ActiveCfg = Debug|Any CPU
		{7A44C50E-928A-4277-BC17-430E85487EA4}.Debug|Any CPU.Build.0 = Debug|Any CPU
		{7A44C50E-928A-4277-BC17-430E85487EA4}.Release|Any CPU.ActiveCfg = Release|Any CPU
		{7A44C50E-928A-4277-BC17-430E85487EA4}.Release|Any CPU.Build.0 = Release|Any CPU
		{FBDAE3CB-E5D6-4CDD-884F-3E3C32780136}.Debug|Any CPU.ActiveCfg = Debug|Any CPU
		{FBDAE3CB-E5D6-4CDD-884F-3E3C32780136}.Debug|Any CPU.Deploy.0 = Debug|Any CPU
		{FBDAE3CB-E5D6-4CDD-884F-3E3C32780136}.Release|Any CPU.ActiveCfg = Release|Any CPU
		{FBDAE3CB-E5D6-4CDD-884F-3E3C32780136}.Release|Any CPU.Deploy.0 = Release|Any CPU
		{6AD5F8A2-3D07-4419-B596-0D50E418BA63}.Debug|Any CPU.ActiveCfg = Debug|Any CPU
		{6AD5F8A2-3D07-4419-B596-0D50E418BA63}.Debug|Any CPU.Build.0 = Debug|Any CPU
		{6AD5F8A2-3D07-4419-B596-0D50E418BA63}.Release|Any CPU.ActiveCfg = Release|Any CPU
		{6AD5F8A2-3D07-4419-B596-0D50E418BA63}.Release|Any CPU.Build.0 = Release|Any CPU
		{AA793798-1C19-46FD-A4FC-68EDC4BA3DEA}.Debug|Any CPU.ActiveCfg = Debug|Any CPU
		{AA793798-1C19-46FD-A4FC-68EDC4BA3DEA}.Debug|Any CPU.Build.0 = Debug|Any CPU
		{AA793798-1C19-46FD-A4FC-68EDC4BA3DEA}.Release|Any CPU.ActiveCfg = Release|Any CPU
		{AA793798-1C19-46FD-A4FC-68EDC4BA3DEA}.Release|Any CPU.Build.0 = Release|Any CPU
		{D8A94719-922F-402D-87FB-476CDFD5730C}.Debug|Any CPU.ActiveCfg = Debug|Any CPU
		{D8A94719-922F-402D-87FB-476CDFD5730C}.Debug|Any CPU.Build.0 = Debug|Any CPU
		{D8A94719-922F-402D-87FB-476CDFD5730C}.Release|Any CPU.ActiveCfg = Release|Any CPU
		{D8A94719-922F-402D-87FB-476CDFD5730C}.Release|Any CPU.Build.0 = Release|Any CPU
		{82B1CDBF-CA55-4FBA-8DE0-FB1F5A1396F7}.Debug|Any CPU.ActiveCfg = Debug|Any CPU
		{82B1CDBF-CA55-4FBA-8DE0-FB1F5A1396F7}.Debug|Any CPU.Build.0 = Debug|Any CPU
		{82B1CDBF-CA55-4FBA-8DE0-FB1F5A1396F7}.Release|Any CPU.ActiveCfg = Release|Any CPU
		{82B1CDBF-CA55-4FBA-8DE0-FB1F5A1396F7}.Release|Any CPU.Build.0 = Release|Any CPU
		{BD2AEDB7-CACB-459F-9D2A-903BEC96E51C}.Debug|Any CPU.ActiveCfg = Debug|Any CPU
		{BD2AEDB7-CACB-459F-9D2A-903BEC96E51C}.Debug|Any CPU.Build.0 = Debug|Any CPU
		{BD2AEDB7-CACB-459F-9D2A-903BEC96E51C}.Release|Any CPU.ActiveCfg = Release|Any CPU
		{BD2AEDB7-CACB-459F-9D2A-903BEC96E51C}.Release|Any CPU.Build.0 = Release|Any CPU
		{C5644B88-BF88-4BE2-AA9F-D4BFA1168FD9}.Debug|Any CPU.ActiveCfg = Debug|Any CPU
		{C5644B88-BF88-4BE2-AA9F-D4BFA1168FD9}.Debug|Any CPU.Build.0 = Debug|Any CPU
		{C5644B88-BF88-4BE2-AA9F-D4BFA1168FD9}.Release|Any CPU.ActiveCfg = Release|Any CPU
		{C5644B88-BF88-4BE2-AA9F-D4BFA1168FD9}.Release|Any CPU.Build.0 = Release|Any CPU
		{6212634D-1CAB-47C3-9AF3-6E18B4088387}.Debug|Any CPU.ActiveCfg = Debug|Any CPU
		{6212634D-1CAB-47C3-9AF3-6E18B4088387}.Debug|Any CPU.Build.0 = Debug|Any CPU
		{6212634D-1CAB-47C3-9AF3-6E18B4088387}.Release|Any CPU.ActiveCfg = Release|Any CPU
		{6212634D-1CAB-47C3-9AF3-6E18B4088387}.Release|Any CPU.Build.0 = Release|Any CPU
		{4D301368-5D30-4D57-88B3-18A2261A9678}.Debug|Any CPU.ActiveCfg = Debug|Any CPU
		{4D301368-5D30-4D57-88B3-18A2261A9678}.Debug|Any CPU.Build.0 = Debug|Any CPU
		{4D301368-5D30-4D57-88B3-18A2261A9678}.Release|Any CPU.ActiveCfg = Release|Any CPU
		{4D301368-5D30-4D57-88B3-18A2261A9678}.Release|Any CPU.Build.0 = Release|Any CPU
		{DEA1746A-2122-4E3D-A29F-0946F0E3F1EA}.Debug|Any CPU.ActiveCfg = Debug|Any CPU
		{DEA1746A-2122-4E3D-A29F-0946F0E3F1EA}.Debug|Any CPU.Build.0 = Debug|Any CPU
		{DEA1746A-2122-4E3D-A29F-0946F0E3F1EA}.Release|Any CPU.ActiveCfg = Release|Any CPU
		{DEA1746A-2122-4E3D-A29F-0946F0E3F1EA}.Release|Any CPU.Build.0 = Release|Any CPU
		{2CB6F8CC-E58A-4DDE-AACA-1FCFE17EA358}.Debug|Any CPU.ActiveCfg = Debug|Any CPU
		{2CB6F8CC-E58A-4DDE-AACA-1FCFE17EA358}.Debug|Any CPU.Build.0 = Debug|Any CPU
		{2CB6F8CC-E58A-4DDE-AACA-1FCFE17EA358}.Release|Any CPU.ActiveCfg = Release|Any CPU
		{2CB6F8CC-E58A-4DDE-AACA-1FCFE17EA358}.Release|Any CPU.Build.0 = Release|Any CPU
		{80971B70-04AA-4D49-9E29-39BFBCAA9159}.Debug|Any CPU.ActiveCfg = Debug|Any CPU
		{80971B70-04AA-4D49-9E29-39BFBCAA9159}.Debug|Any CPU.Build.0 = Debug|Any CPU
		{80971B70-04AA-4D49-9E29-39BFBCAA9159}.Release|Any CPU.ActiveCfg = Release|Any CPU
		{80971B70-04AA-4D49-9E29-39BFBCAA9159}.Release|Any CPU.Build.0 = Release|Any CPU
		{8F3BBEF6-AE87-4AA9-82AB-36C8A4D3448F}.Debug|Any CPU.ActiveCfg = Debug|Any CPU
		{8F3BBEF6-AE87-4AA9-82AB-36C8A4D3448F}.Debug|Any CPU.Build.0 = Debug|Any CPU
		{8F3BBEF6-AE87-4AA9-82AB-36C8A4D3448F}.Release|Any CPU.ActiveCfg = Release|Any CPU
		{8F3BBEF6-AE87-4AA9-82AB-36C8A4D3448F}.Release|Any CPU.Build.0 = Release|Any CPU
		{C4C1554E-2CA6-4CA1-94E8-7B6EF0638545}.Debug|Any CPU.ActiveCfg = Debug|Any CPU
		{C4C1554E-2CA6-4CA1-94E8-7B6EF0638545}.Debug|Any CPU.Build.0 = Debug|Any CPU
		{C4C1554E-2CA6-4CA1-94E8-7B6EF0638545}.Release|Any CPU.ActiveCfg = Release|Any CPU
		{C4C1554E-2CA6-4CA1-94E8-7B6EF0638545}.Release|Any CPU.Build.0 = Release|Any CPU
		{39393D0B-FFD8-4DAF-877D-A908EDAFAD0C}.Debug|Any CPU.ActiveCfg = Debug|Any CPU
		{39393D0B-FFD8-4DAF-877D-A908EDAFAD0C}.Debug|Any CPU.Build.0 = Debug|Any CPU
		{39393D0B-FFD8-4DAF-877D-A908EDAFAD0C}.Release|Any CPU.ActiveCfg = Release|Any CPU
		{39393D0B-FFD8-4DAF-877D-A908EDAFAD0C}.Release|Any CPU.Build.0 = Release|Any CPU
		{1BCFEA28-7752-4AA1-83FE-578F6F4CBFF8}.Debug|Any CPU.ActiveCfg = Debug|Any CPU
		{1BCFEA28-7752-4AA1-83FE-578F6F4CBFF8}.Debug|Any CPU.Build.0 = Debug|Any CPU
		{1BCFEA28-7752-4AA1-83FE-578F6F4CBFF8}.Release|Any CPU.ActiveCfg = Release|Any CPU
		{1BCFEA28-7752-4AA1-83FE-578F6F4CBFF8}.Release|Any CPU.Build.0 = Release|Any CPU
	EndGlobalSection
	GlobalSection(SolutionProperties) = preSolution
		HideSolutionNode = FALSE
	EndGlobalSection
	GlobalSection(NestedProjects) = preSolution
		{78CC64F9-27D3-4A91-B47A-138231AB966C} = {C82109C3-A4CF-4F73-8421-57D63144F441}
		{6BDF87FD-184B-4802-9A61-6C7E492C7B73} = {C82109C3-A4CF-4F73-8421-57D63144F441}
		{91AD4960-1659-4AD2-A7C8-B13F80EF1E06} = {C82109C3-A4CF-4F73-8421-57D63144F441}
		{608D4DD8-CEBF-45ED-BE13-BA3041B32DE0} = {C82109C3-A4CF-4F73-8421-57D63144F441}
		{AC581658-38CE-4556-94F2-BF19CAF7FD58} = {E71EDD14-7580-4AD0-B80D-0BAA71E7287A}
		{7A44C50E-928A-4277-BC17-430E85487EA4} = {E71EDD14-7580-4AD0-B80D-0BAA71E7287A}
		{FBDAE3CB-E5D6-4CDD-884F-3E3C32780136} = {E71EDD14-7580-4AD0-B80D-0BAA71E7287A}
		{6AD5F8A2-3D07-4419-B596-0D50E418BA63} = {C82109C3-A4CF-4F73-8421-57D63144F441}
		{AA793798-1C19-46FD-A4FC-68EDC4BA3DEA} = {E71EDD14-7580-4AD0-B80D-0BAA71E7287A}
		{D8A94719-922F-402D-87FB-476CDFD5730C} = {C82109C3-A4CF-4F73-8421-57D63144F441}
		{82B1CDBF-CA55-4FBA-8DE0-FB1F5A1396F7} = {C82109C3-A4CF-4F73-8421-57D63144F441}
		{BD2AEDB7-CACB-459F-9D2A-903BEC96E51C} = {C82109C3-A4CF-4F73-8421-57D63144F441}
		{C5644B88-BF88-4BE2-AA9F-D4BFA1168FD9} = {3AB75250-1F79-41F6-BC21-23B4B79FC0B8}
		{6212634D-1CAB-47C3-9AF3-6E18B4088387} = {3AB75250-1F79-41F6-BC21-23B4B79FC0B8}
		{4D301368-5D30-4D57-88B3-18A2261A9678} = {3AB75250-1F79-41F6-BC21-23B4B79FC0B8}
		{DEA1746A-2122-4E3D-A29F-0946F0E3F1EA} = {3AB75250-1F79-41F6-BC21-23B4B79FC0B8}
		{2CB6F8CC-E58A-4DDE-AACA-1FCFE17EA358} = {3AB75250-1F79-41F6-BC21-23B4B79FC0B8}
		{80971B70-04AA-4D49-9E29-39BFBCAA9159} = {3AB75250-1F79-41F6-BC21-23B4B79FC0B8}
		{8F3BBEF6-AE87-4AA9-82AB-36C8A4D3448F} = {3AB75250-1F79-41F6-BC21-23B4B79FC0B8}
		{C4C1554E-2CA6-4CA1-94E8-7B6EF0638545} = {3AB75250-1F79-41F6-BC21-23B4B79FC0B8}
		{39393D0B-FFD8-4DAF-877D-A908EDAFAD0C} = {3AB75250-1F79-41F6-BC21-23B4B79FC0B8}
		{1BCFEA28-7752-4AA1-83FE-578F6F4CBFF8} = {C82109C3-A4CF-4F73-8421-57D63144F441}
	EndGlobalSection
	GlobalSection(ExtensibilityGlobals) = postSolution
		SolutionGuid = {DD958C01-5C66-4EA6-9349-07977081E079}
	EndGlobalSection
EndGlobal
